
Microsoft Visual Studio Solution File, Format Version 12.00
# Visual Studio 14
VisualStudioVersion = 14.0.25420.1
MinimumVisualStudioVersion = 10.0.40219.1
Project("{8BC9CEB8-8B4A-11D0-8D11-00A0C91BC942}") = "z3_engine", "z3_engine\z3_engine.vcxproj", "{8551ABC0-3C8A-4785-9F03-4E6264EB88D4}"
EndProject
Project("{8BC9CEB8-8B4A-11D0-8D11-00A0C91BC942}") = "z3_utilib", "z3_utilib\z3_utilib.vcxproj", "{3F458BC4-7CFB-4913-BD8D-638CF6E1176A}"
EndProject
Project("{8BC9CEB8-8B4A-11D0-8D11-00A0C91BC942}") = "z3_rtsp_client", "z3_rtsp_client\z3_rtsp_client.vcxproj", "{1D63656D-4472-4554-8B66-CD910DC23831}"
EndProject
Project("{8BC9CEB8-8B4A-11D0-8D11-00A0C91BC942}") = "z3_rtsp_client_test", "z3_rtsp_client_test\z3_rtsp_client_test.vcxproj", "{2ECC782F-11A8-4710-96E1-19A2CD1B3044}"
	ProjectSection(ProjectDependencies) = postProject
		{1D63656D-4472-4554-8B66-CD910DC23831} = {1D63656D-4472-4554-8B66-CD910DC23831}
		{8551ABC0-3C8A-4785-9F03-4E6264EB88D4} = {8551ABC0-3C8A-4785-9F03-4E6264EB88D4}
		{3F458BC4-7CFB-4913-BD8D-638CF6E1176A} = {3F458BC4-7CFB-4913-BD8D-638CF6E1176A}
	EndProjectSection
EndProject
Project("{8BC9CEB8-8B4A-11D0-8D11-00A0C91BC942}") = "z3_engine_test", "z3_engine_test\z3_engine_test.vcxproj", "{9F70997D-81DD-4AAB-BF42-CF840003A348}"
	ProjectSection(ProjectDependencies) = postProject
		{8551ABC0-3C8A-4785-9F03-4E6264EB88D4} = {8551ABC0-3C8A-4785-9F03-4E6264EB88D4}
		{3F458BC4-7CFB-4913-BD8D-638CF6E1176A} = {3F458BC4-7CFB-4913-BD8D-638CF6E1176A}
	EndProjectSection
EndProject
Global
	GlobalSection(SolutionConfigurationPlatforms) = preSolution
		Debug|Win32 = Debug|Win32
		Debug|x64 = Debug|x64
		Release|Win32 = Release|Win32
		Release|x64 = Release|x64
	EndGlobalSection
	GlobalSection(ProjectConfigurationPlatforms) = postSolution
		{8551ABC0-3C8A-4785-9F03-4E6264EB88D4}.Debug|Win32.ActiveCfg = Debug|Win32
		{8551ABC0-3C8A-4785-9F03-4E6264EB88D4}.Debug|Win32.Build.0 = Debug|Win32
		{8551ABC0-3C8A-4785-9F03-4E6264EB88D4}.Debug|x64.ActiveCfg = Debug|Win32
		{8551ABC0-3C8A-4785-9F03-4E6264EB88D4}.Release|Win32.ActiveCfg = Release|Win32
		{8551ABC0-3C8A-4785-9F03-4E6264EB88D4}.Release|Win32.Build.0 = Release|Win32
		{8551ABC0-3C8A-4785-9F03-4E6264EB88D4}.Release|x64.ActiveCfg = Release|Win32
		{3F458BC4-7CFB-4913-BD8D-638CF6E1176A}.Debug|Win32.ActiveCfg = Debug|Win32
		{3F458BC4-7CFB-4913-BD8D-638CF6E1176A}.Debug|Win32.Build.0 = Debug|Win32
		{3F458BC4-7CFB-4913-BD8D-638CF6E1176A}.Debug|x64.ActiveCfg = Debug|Win32
		{3F458BC4-7CFB-4913-BD8D-638CF6E1176A}.Release|Win32.ActiveCfg = Release|Win32
		{3F458BC4-7CFB-4913-BD8D-638CF6E1176A}.Release|Win32.Build.0 = Release|Win32
		{3F458BC4-7CFB-4913-BD8D-638CF6E1176A}.Release|x64.ActiveCfg = Release|Win32
		{1D63656D-4472-4554-8B66-CD910DC23831}.Debug|Win32.ActiveCfg = Debug|Win32
		{1D63656D-4472-4554-8B66-CD910DC23831}.Debug|Win32.Build.0 = Debug|Win32
		{1D63656D-4472-4554-8B66-CD910DC23831}.Debug|x64.ActiveCfg = Debug|Win32
		{1D63656D-4472-4554-8B66-CD910DC23831}.Release|Win32.ActiveCfg = Release|Win32
		{1D63656D-4472-4554-8B66-CD910DC23831}.Release|Win32.Build.0 = Release|Win32
		{1D63656D-4472-4554-8B66-CD910DC23831}.Release|x64.ActiveCfg = Release|Win32
		{2ECC782F-11A8-4710-96E1-19A2CD1B3044}.Debug|Win32.ActiveCfg = Debug|Win32
		{2ECC782F-11A8-4710-96E1-19A2CD1B3044}.Debug|Win32.Build.0 = Debug|Win32
		{2ECC782F-11A8-4710-96E1-19A2CD1B3044}.Debug|x64.ActiveCfg = Debug|Win32
		{2ECC782F-11A8-4710-96E1-19A2CD1B3044}.Release|Win32.ActiveCfg = Release|Win32
		{2ECC782F-11A8-4710-96E1-19A2CD1B3044}.Release|Win32.Build.0 = Release|Win32
		{2ECC782F-11A8-4710-96E1-19A2CD1B3044}.Release|x64.ActiveCfg = Release|Win32
		{9F70997D-81DD-4AAB-BF42-CF840003A348}.Debug|Win32.ActiveCfg = Debug|Win32
		{9F70997D-81DD-4AAB-BF42-CF840003A348}.Debug|Win32.Build.0 = Debug|Win32
		{9F70997D-81DD-4AAB-BF42-CF840003A348}.Debug|x64.ActiveCfg = Debug|x64
		{9F70997D-81DD-4AAB-BF42-CF840003A348}.Debug|x64.Build.0 = Debug|x64
		{9F70997D-81DD-4AAB-BF42-CF840003A348}.Release|Win32.ActiveCfg = Release|Win32
		{9F70997D-81DD-4AAB-BF42-CF840003A348}.Release|Win32.Build.0 = Release|Win32
		{9F70997D-81DD-4AAB-BF42-CF840003A348}.Release|x64.ActiveCfg = Release|x64
		{9F70997D-81DD-4AAB-BF42-CF840003A348}.Release|x64.Build.0 = Release|x64
	EndGlobalSection
	GlobalSection(SolutionProperties) = preSolution
		HideSolutionNode = FALSE
	EndGlobalSection
EndGlobal
